// !$*UTF8*$!
{
	archiveVersion = 1;
	classes = {
	};
	objectVersion = 56;
	objects = {

/* Begin PBXBuildFile section */
		0F43FEB657F1093F05062E6E /* Pods_InstagramClone.framework in Frameworks */ = {isa = PBXBuildFile; fileRef = B157646A7D87B43D10D7E98F /* Pods_InstagramClone.framework */; };
		A9D2297629E54417003A7BE7 /* AppDelegate.swift in Sources */ = {isa = PBXBuildFile; fileRef = A9D2297529E54417003A7BE7 /* AppDelegate.swift */; };
		A9D2297829E54417003A7BE7 /* SceneDelegate.swift in Sources */ = {isa = PBXBuildFile; fileRef = A9D2297729E54417003A7BE7 /* SceneDelegate.swift */; };
		A9D2297A29E54417003A7BE7 /* ViewController.swift in Sources */ = {isa = PBXBuildFile; fileRef = A9D2297929E54417003A7BE7 /* ViewController.swift */; };
		A9D2297D29E54417003A7BE7 /* Main.storyboard in Resources */ = {isa = PBXBuildFile; fileRef = A9D2297B29E54417003A7BE7 /* Main.storyboard */; };
		A9D2297F29E54419003A7BE7 /* Assets.xcassets in Resources */ = {isa = PBXBuildFile; fileRef = A9D2297E29E54419003A7BE7 /* Assets.xcassets */; };
		A9D2298229E54419003A7BE7 /* LaunchScreen.storyboard in Resources */ = {isa = PBXBuildFile; fileRef = A9D2298029E54419003A7BE7 /* LaunchScreen.storyboard */; };
		A9D2299029E6BCE2003A7BE7 /* MainTabController.swift in Sources */ = {isa = PBXBuildFile; fileRef = A9D2298F29E6BCE2003A7BE7 /* MainTabController.swift */; };
		A9D2299229ED677D003A7BE7 /* FeedController.swift in Sources */ = {isa = PBXBuildFile; fileRef = A9D2299129ED677D003A7BE7 /* FeedController.swift */; };
		A9D2299429ED6789003A7BE7 /* SearchController.swift in Sources */ = {isa = PBXBuildFile; fileRef = A9D2299329ED6789003A7BE7 /* SearchController.swift */; };
		A9D2299629ED679C003A7BE7 /* ImageSelectorController.swift in Sources */ = {isa = PBXBuildFile; fileRef = A9D2299529ED679C003A7BE7 /* ImageSelectorController.swift */; };
		A9D2299829ED67AA003A7BE7 /* NotificationController.swift in Sources */ = {isa = PBXBuildFile; fileRef = A9D2299729ED67AA003A7BE7 /* NotificationController.swift */; };
		A9D2299A29ED67B3003A7BE7 /* ProfileController.swift in Sources */ = {isa = PBXBuildFile; fileRef = A9D2299929ED67B3003A7BE7 /* ProfileController.swift */; };
		A9D2299C29EE626B003A7BE7 /* FeedCell.swift in Sources */ = {isa = PBXBuildFile; fileRef = A9D2299B29EE626B003A7BE7 /* FeedCell.swift */; };
		A9D2299E29EEA45F003A7BE7 /* Extension.swift in Sources */ = {isa = PBXBuildFile; fileRef = A9D2299D29EEA45F003A7BE7 /* Extension.swift */; };
		A9D229A029F220D0003A7BE7 /* LoginController.swift in Sources */ = {isa = PBXBuildFile; fileRef = A9D2299F29F220D0003A7BE7 /* LoginController.swift */; };
		A9D229A229F2210D003A7BE7 /* SignUpController.swift in Sources */ = {isa = PBXBuildFile; fileRef = A9D229A129F2210D003A7BE7 /* SignUpController.swift */; };
		A9D229A429F22897003A7BE7 /* Utilities.swift in Sources */ = {isa = PBXBuildFile; fileRef = A9D229A329F22897003A7BE7 /* Utilities.swift */; };
		A9D229A729F63CC8003A7BE7 /* User.swift in Sources */ = {isa = PBXBuildFile; fileRef = A9D229A629F63CC7003A7BE7 /* User.swift */; };
		A9D229A929F6426C003A7BE7 /* LoginViewModel.swift in Sources */ = {isa = PBXBuildFile; fileRef = A9D229A829F6426C003A7BE7 /* LoginViewModel.swift */; };
		A9D229AC29F64BBB003A7BE7 /* SignUpViewModel.swift in Sources */ = {isa = PBXBuildFile; fileRef = A9D229AB29F64BBB003A7BE7 /* SignUpViewModel.swift */; };
		A9D229AE29F66505003A7BE7 /* GoogleService-Info.plist in Resources */ = {isa = PBXBuildFile; fileRef = A9D229AD29F66505003A7BE7 /* GoogleService-Info.plist */; };
		A9D229B029F665B9003A7BE7 /* UserService.swift in Sources */ = {isa = PBXBuildFile; fileRef = A9D229AF29F665B9003A7BE7 /* UserService.swift */; };
		A9D229B229F6699D003A7BE7 /* Constant.swift in Sources */ = {isa = PBXBuildFile; fileRef = A9D229B129F6699D003A7BE7 /* Constant.swift */; };
		A9D229B429F66B71003A7BE7 /* AuthenticationService.swift in Sources */ = {isa = PBXBuildFile; fileRef = A9D229B329F66B71003A7BE7 /* AuthenticationService.swift */; };
		A9F7DD2529FA71F9003216BC /* ProfileCell.swift in Sources */ = {isa = PBXBuildFile; fileRef = A9F7DD2429FA71F9003216BC /* ProfileCell.swift */; };
		A9F7DD2729FA7201003216BC /* ProfileHeader.swift in Sources */ = {isa = PBXBuildFile; fileRef = A9F7DD2629FA7201003216BC /* ProfileHeader.swift */; };
		A9F7DD402A022CDE003216BC /* ProfileHeaderViewModel.swift in Sources */ = {isa = PBXBuildFile; fileRef = A9F7DD3F2A022CDE003216BC /* ProfileHeaderViewModel.swift */; };
/* End PBXBuildFile section */

/* Begin PBXFileReference section */
		4C07ACB1CC275E5579976ABE /* Pods-InstagramClone.release.xcconfig */ = {isa = PBXFileReference; includeInIndex = 1; lastKnownFileType = text.xcconfig; name = "Pods-InstagramClone.release.xcconfig"; path = "Target Support Files/Pods-InstagramClone/Pods-InstagramClone.release.xcconfig"; sourceTree = "<group>"; };
		A9D2297229E54417003A7BE7 /* InstagramClone.app */ = {isa = PBXFileReference; explicitFileType = wrapper.application; includeInIndex = 0; path = InstagramClone.app; sourceTree = BUILT_PRODUCTS_DIR; };
		A9D2297529E54417003A7BE7 /* AppDelegate.swift */ = {isa = PBXFileReference; lastKnownFileType = sourcecode.swift; path = AppDelegate.swift; sourceTree = "<group>"; };
		A9D2297729E54417003A7BE7 /* SceneDelegate.swift */ = {isa = PBXFileReference; lastKnownFileType = sourcecode.swift; path = SceneDelegate.swift; sourceTree = "<group>"; };
		A9D2297929E54417003A7BE7 /* ViewController.swift */ = {isa = PBXFileReference; lastKnownFileType = sourcecode.swift; path = ViewController.swift; sourceTree = "<group>"; };
		A9D2297C29E54417003A7BE7 /* Base */ = {isa = PBXFileReference; lastKnownFileType = file.storyboard; name = Base; path = Base.lproj/Main.storyboard; sourceTree = "<group>"; };
		A9D2297E29E54419003A7BE7 /* Assets.xcassets */ = {isa = PBXFileReference; lastKnownFileType = folder.assetcatalog; path = Assets.xcassets; sourceTree = "<group>"; };
		A9D2298129E54419003A7BE7 /* Base */ = {isa = PBXFileReference; lastKnownFileType = file.storyboard; name = Base; path = Base.lproj/LaunchScreen.storyboard; sourceTree = "<group>"; };
		A9D2298329E54419003A7BE7 /* Info.plist */ = {isa = PBXFileReference; lastKnownFileType = text.plist.xml; path = Info.plist; sourceTree = "<group>"; };
		A9D2298F29E6BCE2003A7BE7 /* MainTabController.swift */ = {isa = PBXFileReference; lastKnownFileType = sourcecode.swift; path = MainTabController.swift; sourceTree = "<group>"; };
		A9D2299129ED677D003A7BE7 /* FeedController.swift */ = {isa = PBXFileReference; lastKnownFileType = sourcecode.swift; path = FeedController.swift; sourceTree = "<group>"; };
		A9D2299329ED6789003A7BE7 /* SearchController.swift */ = {isa = PBXFileReference; lastKnownFileType = sourcecode.swift; path = SearchController.swift; sourceTree = "<group>"; };
		A9D2299529ED679C003A7BE7 /* ImageSelectorController.swift */ = {isa = PBXFileReference; lastKnownFileType = sourcecode.swift; path = ImageSelectorController.swift; sourceTree = "<group>"; };
		A9D2299729ED67AA003A7BE7 /* NotificationController.swift */ = {isa = PBXFileReference; lastKnownFileType = sourcecode.swift; path = NotificationController.swift; sourceTree = "<group>"; };
		A9D2299929ED67B3003A7BE7 /* ProfileController.swift */ = {isa = PBXFileReference; lastKnownFileType = sourcecode.swift; path = ProfileController.swift; sourceTree = "<group>"; };
		A9D2299B29EE626B003A7BE7 /* FeedCell.swift */ = {isa = PBXFileReference; lastKnownFileType = sourcecode.swift; path = FeedCell.swift; sourceTree = "<group>"; };
		A9D2299D29EEA45F003A7BE7 /* Extension.swift */ = {isa = PBXFileReference; lastKnownFileType = sourcecode.swift; path = Extension.swift; sourceTree = "<group>"; };
		A9D2299F29F220D0003A7BE7 /* LoginController.swift */ = {isa = PBXFileReference; lastKnownFileType = sourcecode.swift; path = LoginController.swift; sourceTree = "<group>"; };
		A9D229A129F2210D003A7BE7 /* SignUpController.swift */ = {isa = PBXFileReference; lastKnownFileType = sourcecode.swift; path = SignUpController.swift; sourceTree = "<group>"; };
		A9D229A329F22897003A7BE7 /* Utilities.swift */ = {isa = PBXFileReference; lastKnownFileType = sourcecode.swift; path = Utilities.swift; sourceTree = "<group>"; };
		A9D229A629F63CC7003A7BE7 /* User.swift */ = {isa = PBXFileReference; lastKnownFileType = sourcecode.swift; path = User.swift; sourceTree = "<group>"; };
		A9D229A829F6426C003A7BE7 /* LoginViewModel.swift */ = {isa = PBXFileReference; lastKnownFileType = sourcecode.swift; path = LoginViewModel.swift; sourceTree = "<group>"; };
		A9D229AB29F64BBB003A7BE7 /* SignUpViewModel.swift */ = {isa = PBXFileReference; lastKnownFileType = sourcecode.swift; path = SignUpViewModel.swift; sourceTree = "<group>"; };
		A9D229AD29F66505003A7BE7 /* GoogleService-Info.plist */ = {isa = PBXFileReference; fileEncoding = 4; lastKnownFileType = text.plist.xml; path = "GoogleService-Info.plist"; sourceTree = "<group>"; };
		A9D229AF29F665B9003A7BE7 /* UserService.swift */ = {isa = PBXFileReference; lastKnownFileType = sourcecode.swift; path = UserService.swift; sourceTree = "<group>"; };
		A9D229B129F6699D003A7BE7 /* Constant.swift */ = {isa = PBXFileReference; lastKnownFileType = sourcecode.swift; path = Constant.swift; sourceTree = "<group>"; };
		A9D229B329F66B71003A7BE7 /* AuthenticationService.swift */ = {isa = PBXFileReference; lastKnownFileType = sourcecode.swift; path = AuthenticationService.swift; sourceTree = "<group>"; };
		A9F7DD2429FA71F9003216BC /* ProfileCell.swift */ = {isa = PBXFileReference; lastKnownFileType = sourcecode.swift; path = ProfileCell.swift; sourceTree = "<group>"; };
		A9F7DD2629FA7201003216BC /* ProfileHeader.swift */ = {isa = PBXFileReference; lastKnownFileType = sourcecode.swift; path = ProfileHeader.swift; sourceTree = "<group>"; };
		A9F7DD3F2A022CDE003216BC /* ProfileHeaderViewModel.swift */ = {isa = PBXFileReference; lastKnownFileType = sourcecode.swift; path = ProfileHeaderViewModel.swift; sourceTree = "<group>"; };
		B157646A7D87B43D10D7E98F /* Pods_InstagramClone.framework */ = {isa = PBXFileReference; explicitFileType = wrapper.framework; includeInIndex = 0; path = Pods_InstagramClone.framework; sourceTree = BUILT_PRODUCTS_DIR; };
		D6E87CB14E422DD4D33CBBB3 /* Pods-InstagramClone.debug.xcconfig */ = {isa = PBXFileReference; includeInIndex = 1; lastKnownFileType = text.xcconfig; name = "Pods-InstagramClone.debug.xcconfig"; path = "Target Support Files/Pods-InstagramClone/Pods-InstagramClone.debug.xcconfig"; sourceTree = "<group>"; };
/* End PBXFileReference section */

/* Begin PBXFrameworksBuildPhase section */
		A9D2296F29E54417003A7BE7 /* Frameworks */ = {
			isa = PBXFrameworksBuildPhase;
			buildActionMask = 2147483647;
			files = (
				0F43FEB657F1093F05062E6E /* Pods_InstagramClone.framework in Frameworks */,
			);
			runOnlyForDeploymentPostprocessing = 0;
		};
/* End PBXFrameworksBuildPhase section */

/* Begin PBXGroup section */
		4D1241C99A6DE54B87EC9E5C /* Frameworks */ = {
			isa = PBXGroup;
			children = (
				B157646A7D87B43D10D7E98F /* Pods_InstagramClone.framework */,
			);
			name = Frameworks;
			sourceTree = "<group>";
		};
		76615CB80289F32383F69D03 /* Pods */ = {
			isa = PBXGroup;
			children = (
				D6E87CB14E422DD4D33CBBB3 /* Pods-InstagramClone.debug.xcconfig */,
				4C07ACB1CC275E5579976ABE /* Pods-InstagramClone.release.xcconfig */,
			);
			path = Pods;
			sourceTree = "<group>";
		};
		A9D2296929E54417003A7BE7 = {
			isa = PBXGroup;
			children = (
				A9D2297429E54417003A7BE7 /* InstagramClone */,
				A9D2297329E54417003A7BE7 /* Products */,
				76615CB80289F32383F69D03 /* Pods */,
				4D1241C99A6DE54B87EC9E5C /* Frameworks */,
			);
			sourceTree = "<group>";
		};
		A9D2297329E54417003A7BE7 /* Products */ = {
			isa = PBXGroup;
			children = (
				A9D2297229E54417003A7BE7 /* InstagramClone.app */,
			);
			name = Products;
			sourceTree = "<group>";
		};
		A9D2297429E54417003A7BE7 /* InstagramClone */ = {
			isa = PBXGroup;
			children = (
				A9D2298E29E6BC17003A7BE7 /* Model */,
				A9D2298D29E6BC16003A7BE7 /* View */,
				A9D2298C29E6BC15003A7BE7 /* ViewModel */,
				A9D2298B29E6BC13003A7BE7 /* Controller */,
				A9D2298A29E6BC04003A7BE7 /* API */,
				A9D2298929E6BC01003A7BE7 /* Utils */,
				A9D2297529E54417003A7BE7 /* AppDelegate.swift */,
				A9D2297729E54417003A7BE7 /* SceneDelegate.swift */,
				A9D2297929E54417003A7BE7 /* ViewController.swift */,
				A9D2297B29E54417003A7BE7 /* Main.storyboard */,
				A9D2297E29E54419003A7BE7 /* Assets.xcassets */,
				A9D2298029E54419003A7BE7 /* LaunchScreen.storyboard */,
				A9D2298329E54419003A7BE7 /* Info.plist */,
				A9D229AD29F66505003A7BE7 /* GoogleService-Info.plist */,
			);
			path = InstagramClone;
			sourceTree = "<group>";
		};
		A9D2298929E6BC01003A7BE7 /* Utils */ = {
			isa = PBXGroup;
			children = (
				A9D2299D29EEA45F003A7BE7 /* Extension.swift */,
				A9D229A329F22897003A7BE7 /* Utilities.swift */,
				A9D229B129F6699D003A7BE7 /* Constant.swift */,
			);
			name = Utils;
			path = ../Utils;
			sourceTree = "<group>";
		};
		A9D2298A29E6BC04003A7BE7 /* API */ = {
			isa = PBXGroup;
			children = (
				A9D229AF29F665B9003A7BE7 /* UserService.swift */,
				A9D229B329F66B71003A7BE7 /* AuthenticationService.swift */,
			);
			path = API;
			sourceTree = "<group>";
		};
		A9D2298B29E6BC13003A7BE7 /* Controller */ = {
			isa = PBXGroup;
			children = (
				A9D229A529F61694003A7BE7 /* Authentication */,
				A9D2298F29E6BCE2003A7BE7 /* MainTabController.swift */,
				A9D2299129ED677D003A7BE7 /* FeedController.swift */,
				A9D2299329ED6789003A7BE7 /* SearchController.swift */,
				A9D2299529ED679C003A7BE7 /* ImageSelectorController.swift */,
				A9D2299729ED67AA003A7BE7 /* NotificationController.swift */,
				A9D2299929ED67B3003A7BE7 /* ProfileController.swift */,
			);
			path = Controller;
			sourceTree = "<group>";
		};
		A9D2298C29E6BC15003A7BE7 /* ViewModel */ = {
			isa = PBXGroup;
			children = (
				A9D229AA29F64B94003A7BE7 /* Authentication */,
				A9F7DD3F2A022CDE003216BC /* ProfileHeaderViewModel.swift */,
			);
			path = ViewModel;
			sourceTree = "<group>";
		};
		A9D2298D29E6BC16003A7BE7 /* View */ = {
			isa = PBXGroup;
			children = (
				A9F7DD2329FA71EA003216BC /* Profile */,
				A9D2299B29EE626B003A7BE7 /* FeedCell.swift */,
			);
			path = View;
			sourceTree = "<group>";
		};
		A9D2298E29E6BC17003A7BE7 /* Model */ = {
			isa = PBXGroup;
			children = (
				A9D229A629F63CC7003A7BE7 /* User.swift */,
			);
			path = Model;
			sourceTree = "<group>";
		};
		A9D229A529F61694003A7BE7 /* Authentication */ = {
			isa = PBXGroup;
			children = (
				A9D2299F29F220D0003A7BE7 /* LoginController.swift */,
				A9D229A129F2210D003A7BE7 /* SignUpController.swift */,
			);
			path = Authentication;
			sourceTree = "<group>";
		};
		A9D229AA29F64B94003A7BE7 /* Authentication */ = {
			isa = PBXGroup;
			children = (
				A9D229A829F6426C003A7BE7 /* LoginViewModel.swift */,
				A9D229AB29F64BBB003A7BE7 /* SignUpViewModel.swift */,
			);
			path = Authentication;
			sourceTree = "<group>";
		};
		A9F7DD2329FA71EA003216BC /* Profile */ = {
			isa = PBXGroup;
			children = (
				A9F7DD2429FA71F9003216BC /* ProfileCell.swift */,
				A9F7DD2629FA7201003216BC /* ProfileHeader.swift */,
			);
			path = Profile;
			sourceTree = "<group>";
		};
/* End PBXGroup section */

/* Begin PBXNativeTarget section */
		A9D2297129E54417003A7BE7 /* InstagramClone */ = {
			isa = PBXNativeTarget;
			buildConfigurationList = A9D2298629E54419003A7BE7 /* Build configuration list for PBXNativeTarget "InstagramClone" */;
			buildPhases = (
				483C1F63CBFADE3E5A6745E0 /* [CP] Check Pods Manifest.lock */,
				A9D2296E29E54417003A7BE7 /* Sources */,
				A9D2296F29E54417003A7BE7 /* Frameworks */,
				A9D2297029E54417003A7BE7 /* Resources */,
				8DE955FAA85281E24655D712 /* [CP] Embed Pods Frameworks */,
			);
			buildRules = (
			);
			dependencies = (
			);
			name = InstagramClone;
			productName = InstagramClone;
			productReference = A9D2297229E54417003A7BE7 /* InstagramClone.app */;
			productType = "com.apple.product-type.application";
		};
/* End PBXNativeTarget section */

/* Begin PBXProject section */
		A9D2296A29E54417003A7BE7 /* Project object */ = {
			isa = PBXProject;
			attributes = {
				BuildIndependentTargetsInParallel = 1;
				LastSwiftUpdateCheck = 1420;
				LastUpgradeCheck = 1420;
				TargetAttributes = {
					A9D2297129E54417003A7BE7 = {
						CreatedOnToolsVersion = 14.2;
					};
				};
			};
			buildConfigurationList = A9D2296D29E54417003A7BE7 /* Build configuration list for PBXProject "InstagramClone" */;
			compatibilityVersion = "Xcode 14.0";
			developmentRegion = en;
			hasScannedForEncodings = 0;
			knownRegions = (
				en,
				Base,
			);
			mainGroup = A9D2296929E54417003A7BE7;
			productRefGroup = A9D2297329E54417003A7BE7 /* Products */;
			projectDirPath = "";
			projectRoot = "";
			targets = (
				A9D2297129E54417003A7BE7 /* InstagramClone */,
			);
		};
/* End PBXProject section */

/* Begin PBXResourcesBuildPhase section */
		A9D2297029E54417003A7BE7 /* Resources */ = {
			isa = PBXResourcesBuildPhase;
			buildActionMask = 2147483647;
			files = (
				A9D229AE29F66505003A7BE7 /* GoogleService-Info.plist in Resources */,
				A9D2298229E54419003A7BE7 /* LaunchScreen.storyboard in Resources */,
				A9D2297F29E54419003A7BE7 /* Assets.xcassets in Resources */,
				A9D2297D29E54417003A7BE7 /* Main.storyboard in Resources */,
			);
			runOnlyForDeploymentPostprocessing = 0;
		};
/* End PBXResourcesBuildPhase section */

/* Begin PBXShellScriptBuildPhase section */
		483C1F63CBFADE3E5A6745E0 /* [CP] Check Pods Manifest.lock */ = {
			isa = PBXShellScriptBuildPhase;
			buildActionMask = 2147483647;
			files = (
			);
			inputFileListPaths = (
			);
			inputPaths = (
				"${PODS_PODFILE_DIR_PATH}/Podfile.lock",
				"${PODS_ROOT}/Manifest.lock",
			);
			name = "[CP] Check Pods Manifest.lock";
			outputFileListPaths = (
			);
			outputPaths = (
				"$(DERIVED_FILE_DIR)/Pods-InstagramClone-checkManifestLockResult.txt",
			);
			runOnlyForDeploymentPostprocessing = 0;
			shellPath = /bin/sh;
			shellScript = "diff \"${PODS_PODFILE_DIR_PATH}/Podfile.lock\" \"${PODS_ROOT}/Manifest.lock\" > /dev/null\nif [ $? != 0 ] ; then\n    # print error to STDERR\n    echo \"error: The sandbox is not in sync with the Podfile.lock. Run 'pod install' or update your CocoaPods installation.\" >&2\n    exit 1\nfi\n# This output is used by Xcode 'outputs' to avoid re-running this script phase.\necho \"SUCCESS\" > \"${SCRIPT_OUTPUT_FILE_0}\"\n";
			showEnvVarsInLog = 0;
		};
		8DE955FAA85281E24655D712 /* [CP] Embed Pods Frameworks */ = {
			isa = PBXShellScriptBuildPhase;
			buildActionMask = 2147483647;
			files = (
			);
			inputFileListPaths = (
				"${PODS_ROOT}/Target Support Files/Pods-InstagramClone/Pods-InstagramClone-frameworks-${CONFIGURATION}-input-files.xcfilelist",
			);
			name = "[CP] Embed Pods Frameworks";
			outputFileListPaths = (
				"${PODS_ROOT}/Target Support Files/Pods-InstagramClone/Pods-InstagramClone-frameworks-${CONFIGURATION}-output-files.xcfilelist",
			);
			runOnlyForDeploymentPostprocessing = 0;
			shellPath = /bin/sh;
			shellScript = "\"${PODS_ROOT}/Target Support Files/Pods-InstagramClone/Pods-InstagramClone-frameworks.sh\"\n";
			showEnvVarsInLog = 0;
		};
/* End PBXShellScriptBuildPhase section */

/* Begin PBXSourcesBuildPhase section */
		A9D2296E29E54417003A7BE7 /* Sources */ = {
			isa = PBXSourcesBuildPhase;
			buildActionMask = 2147483647;
			files = (
				A9D229A229F2210D003A7BE7 /* SignUpController.swift in Sources */,
				A9D229AC29F64BBB003A7BE7 /* SignUpViewModel.swift in Sources */,
				A9D229B029F665B9003A7BE7 /* UserService.swift in Sources */,
				A9D2297A29E54417003A7BE7 /* ViewController.swift in Sources */,
				A9D229A429F22897003A7BE7 /* Utilities.swift in Sources */,
				A9D229A029F220D0003A7BE7 /* LoginController.swift in Sources */,
				A9F7DD2529FA71F9003216BC /* ProfileCell.swift in Sources */,
				A9D229A929F6426C003A7BE7 /* LoginViewModel.swift in Sources */,
				A9D2299C29EE626B003A7BE7 /* FeedCell.swift in Sources */,
				A9D229B229F6699D003A7BE7 /* Constant.swift in Sources */,
				A9F7DD2729FA7201003216BC /* ProfileHeader.swift in Sources */,
				A9D2299629ED679C003A7BE7 /* ImageSelectorController.swift in Sources */,
				A9F7DD402A022CDE003216BC /* ProfileHeaderViewModel.swift in Sources */,
				A9D2299829ED67AA003A7BE7 /* NotificationController.swift in Sources */,
				A9D2299E29EEA45F003A7BE7 /* Extension.swift in Sources */,
				A9D229A729F63CC8003A7BE7 /* User.swift in Sources */,
				A9D2299429ED6789003A7BE7 /* SearchController.swift in Sources */,
				A9D2297629E54417003A7BE7 /* AppDelegate.swift in Sources */,
				A9D2299A29ED67B3003A7BE7 /* ProfileController.swift in Sources */,
				A9D2299229ED677D003A7BE7 /* FeedController.swift in Sources */,
				A9D2299029E6BCE2003A7BE7 /* MainTabController.swift in Sources */,
				A9D2297829E54417003A7BE7 /* SceneDelegate.swift in Sources */,
				A9D229B429F66B71003A7BE7 /* AuthenticationService.swift in Sources */,
			);
			runOnlyForDeploymentPostprocessing = 0;
		};
/* End PBXSourcesBuildPhase section */

/* Begin PBXVariantGroup section */
		A9D2297B29E54417003A7BE7 /* Main.storyboard */ = {
			isa = PBXVariantGroup;
			children = (
				A9D2297C29E54417003A7BE7 /* Base */,
			);
			name = Main.storyboard;
			sourceTree = "<group>";
		};
		A9D2298029E54419003A7BE7 /* LaunchScreen.storyboard */ = {
			isa = PBXVariantGroup;
			children = (
				A9D2298129E54419003A7BE7 /* Base */,
			);
			name = LaunchScreen.storyboard;
			sourceTree = "<group>";
		};
/* End PBXVariantGroup section */

/* Begin XCBuildConfiguration section */
		A9D2298429E54419003A7BE7 /* Debug */ = {
			isa = XCBuildConfiguration;
			buildSettings = {
				ALWAYS_SEARCH_USER_PATHS = NO;
				CLANG_ANALYZER_NONNULL = YES;
				CLANG_ANALYZER_NUMBER_OBJECT_CONVERSION = YES_AGGRESSIVE;
				CLANG_CXX_LANGUAGE_STANDARD = "gnu++20";
				CLANG_ENABLE_MODULES = YES;
				CLANG_ENABLE_OBJC_ARC = YES;
				CLANG_ENABLE_OBJC_WEAK = YES;
				CLANG_WARN_BLOCK_CAPTURE_AUTORELEASING = YES;
				CLANG_WARN_BOOL_CONVERSION = YES;
				CLANG_WARN_COMMA = YES;
				CLANG_WARN_CONSTANT_CONVERSION = YES;
				CLANG_WARN_DEPRECATED_OBJC_IMPLEMENTATIONS = YES;
				CLANG_WARN_DIRECT_OBJC_ISA_USAGE = YES_ERROR;
				CLANG_WARN_DOCUMENTATION_COMMENTS = YES;
				CLANG_WARN_EMPTY_BODY = YES;
				CLANG_WARN_ENUM_CONVERSION = YES;
				CLANG_WARN_INFINITE_RECURSION = YES;
				CLANG_WARN_INT_CONVERSION = YES;
				CLANG_WARN_NON_LITERAL_NULL_CONVERSION = YES;
				CLANG_WARN_OBJC_IMPLICIT_RETAIN_SELF = YES;
				CLANG_WARN_OBJC_LITERAL_CONVERSION = YES;
				CLANG_WARN_OBJC_ROOT_CLASS = YES_ERROR;
				CLANG_WARN_QUOTED_INCLUDE_IN_FRAMEWORK_HEADER = YES;
				CLANG_WARN_RANGE_LOOP_ANALYSIS = YES;
				CLANG_WARN_STRICT_PROTOTYPES = YES;
				CLANG_WARN_SUSPICIOUS_MOVE = YES;
				CLANG_WARN_UNGUARDED_AVAILABILITY = YES_AGGRESSIVE;
				CLANG_WARN_UNREACHABLE_CODE = YES;
				CLANG_WARN__DUPLICATE_METHOD_MATCH = YES;
				COPY_PHASE_STRIP = NO;
				DEBUG_INFORMATION_FORMAT = dwarf;
				ENABLE_STRICT_OBJC_MSGSEND = YES;
				ENABLE_TESTABILITY = YES;
				GCC_C_LANGUAGE_STANDARD = gnu11;
				GCC_DYNAMIC_NO_PIC = NO;
				GCC_NO_COMMON_BLOCKS = YES;
				GCC_OPTIMIZATION_LEVEL = 0;
				GCC_PREPROCESSOR_DEFINITIONS = (
					"DEBUG=1",
					"$(inherited)",
				);
				GCC_WARN_64_TO_32_BIT_CONVERSION = YES;
				GCC_WARN_ABOUT_RETURN_TYPE = YES_ERROR;
				GCC_WARN_UNDECLARED_SELECTOR = YES;
				GCC_WARN_UNINITIALIZED_AUTOS = YES_AGGRESSIVE;
				GCC_WARN_UNUSED_FUNCTION = YES;
				GCC_WARN_UNUSED_VARIABLE = YES;
				IPHONEOS_DEPLOYMENT_TARGET = 16.2;
				MTL_ENABLE_DEBUG_INFO = INCLUDE_SOURCE;
				MTL_FAST_MATH = YES;
				ONLY_ACTIVE_ARCH = YES;
				SDKROOT = iphoneos;
				SWIFT_ACTIVE_COMPILATION_CONDITIONS = DEBUG;
				SWIFT_OPTIMIZATION_LEVEL = "-Onone";
			};
			name = Debug;
		};
		A9D2298529E54419003A7BE7 /* Release */ = {
			isa = XCBuildConfiguration;
			buildSettings = {
				ALWAYS_SEARCH_USER_PATHS = NO;
				CLANG_ANALYZER_NONNULL = YES;
				CLANG_ANALYZER_NUMBER_OBJECT_CONVERSION = YES_AGGRESSIVE;
				CLANG_CXX_LANGUAGE_STANDARD = "gnu++20";
				CLANG_ENABLE_MODULES = YES;
				CLANG_ENABLE_OBJC_ARC = YES;
				CLANG_ENABLE_OBJC_WEAK = YES;
				CLANG_WARN_BLOCK_CAPTURE_AUTORELEASING = YES;
				CLANG_WARN_BOOL_CONVERSION = YES;
				CLANG_WARN_COMMA = YES;
				CLANG_WARN_CONSTANT_CONVERSION = YES;
				CLANG_WARN_DEPRECATED_OBJC_IMPLEMENTATIONS = YES;
				CLANG_WARN_DIRECT_OBJC_ISA_USAGE = YES_ERROR;
				CLANG_WARN_DOCUMENTATION_COMMENTS = YES;
				CLANG_WARN_EMPTY_BODY = YES;
				CLANG_WARN_ENUM_CONVERSION = YES;
				CLANG_WARN_INFINITE_RECURSION = YES;
				CLANG_WARN_INT_CONVERSION = YES;
				CLANG_WARN_NON_LITERAL_NULL_CONVERSION = YES;
				CLANG_WARN_OBJC_IMPLICIT_RETAIN_SELF = YES;
				CLANG_WARN_OBJC_LITERAL_CONVERSION = YES;
				CLANG_WARN_OBJC_ROOT_CLASS = YES_ERROR;
				CLANG_WARN_QUOTED_INCLUDE_IN_FRAMEWORK_HEADER = YES;
				CLANG_WARN_RANGE_LOOP_ANALYSIS = YES;
				CLANG_WARN_STRICT_PROTOTYPES = YES;
				CLANG_WARN_SUSPICIOUS_MOVE = YES;
				CLANG_WARN_UNGUARDED_AVAILABILITY = YES_AGGRESSIVE;
				CLANG_WARN_UNREACHABLE_CODE = YES;
				CLANG_WARN__DUPLICATE_METHOD_MATCH = YES;
				COPY_PHASE_STRIP = NO;
				DEBUG_INFORMATION_FORMAT = "dwarf-with-dsym";
				ENABLE_NS_ASSERTIONS = NO;
				ENABLE_STRICT_OBJC_MSGSEND = YES;
				GCC_C_LANGUAGE_STANDARD = gnu11;
				GCC_NO_COMMON_BLOCKS = YES;
				GCC_WARN_64_TO_32_BIT_CONVERSION = YES;
				GCC_WARN_ABOUT_RETURN_TYPE = YES_ERROR;
				GCC_WARN_UNDECLARED_SELECTOR = YES;
				GCC_WARN_UNINITIALIZED_AUTOS = YES_AGGRESSIVE;
				GCC_WARN_UNUSED_FUNCTION = YES;
				GCC_WARN_UNUSED_VARIABLE = YES;
				IPHONEOS_DEPLOYMENT_TARGET = 16.2;
				MTL_ENABLE_DEBUG_INFO = NO;
				MTL_FAST_MATH = YES;
				SDKROOT = iphoneos;
				SWIFT_COMPILATION_MODE = wholemodule;
				SWIFT_OPTIMIZATION_LEVEL = "-O";
				VALIDATE_PRODUCT = YES;
			};
			name = Release;
		};
		A9D2298729E54419003A7BE7 /* Debug */ = {
			isa = XCBuildConfiguration;
			baseConfigurationReference = D6E87CB14E422DD4D33CBBB3 /* Pods-InstagramClone.debug.xcconfig */;
			buildSettings = {
				ASSETCATALOG_COMPILER_APPICON_NAME = AppIcon;
				ASSETCATALOG_COMPILER_GLOBAL_ACCENT_COLOR_NAME = AccentColor;
				CODE_SIGN_STYLE = Automatic;
				CURRENT_PROJECT_VERSION = 1;
				DEVELOPMENT_TEAM = URTJJ24R4X;
				GENERATE_INFOPLIST_FILE = YES;
				INFOPLIST_FILE = InstagramClone/Info.plist;
				INFOPLIST_KEY_UIApplicationSupportsIndirectInputEvents = YES;
				INFOPLIST_KEY_UILaunchStoryboardName = LaunchScreen;
				INFOPLIST_KEY_UIMainStoryboardFile = Main;
				INFOPLIST_KEY_UISupportedInterfaceOrientations_iPad = "UIInterfaceOrientationPortrait UIInterfaceOrientationPortraitUpsideDown UIInterfaceOrientationLandscapeLeft UIInterfaceOrientationLandscapeRight";
				INFOPLIST_KEY_UISupportedInterfaceOrientations_iPhone = "UIInterfaceOrientationPortrait UIInterfaceOrientationLandscapeLeft UIInterfaceOrientationLandscapeRight";
				LD_RUNPATH_SEARCH_PATHS = (
					"$(inherited)",
					"@executable_path/Frameworks",
				);
				MARKETING_VERSION = 1.0;
				PRODUCT_BUNDLE_IDENTIFIER = com.ethan.InstagramClone;
				PRODUCT_NAME = "$(TARGET_NAME)";
				SWIFT_EMIT_LOC_STRINGS = YES;
				SWIFT_VERSION = 5.0;
				TARGETED_DEVICE_FAMILY = "1,2";
			};
			name = Debug;
		};
		A9D2298829E54419003A7BE7 /* Release */ = {
			isa = XCBuildConfiguration;
			baseConfigurationReference = 4C07ACB1CC275E5579976ABE /* Pods-InstagramClone.release.xcconfig */;
			buildSettings = {
				ASSETCATALOG_COMPILER_APPICON_NAME = AppIcon;
				ASSETCATALOG_COMPILER_GLOBAL_ACCENT_COLOR_NAME = AccentColor;
				CODE_SIGN_STYLE = Automatic;
				CURRENT_PROJECT_VERSION = 1;
				DEVELOPMENT_TEAM = URTJJ24R4X;
				GENERATE_INFOPLIST_FILE = YES;
				INFOPLIST_FILE = InstagramClone/Info.plist;
				INFOPLIST_KEY_UIApplicationSupportsIndirectInputEvents = YES;
				INFOPLIST_KEY_UILaunchStoryboardName = LaunchScreen;
				INFOPLIST_KEY_UIMainStoryboardFile = Main;
				INFOPLIST_KEY_UISupportedInterfaceOrientations_iPad = "UIInterfaceOrientationPortrait UIInterfaceOrientationPortraitUpsideDown UIInterfaceOrientationLandscapeLeft UIInterfaceOrientationLandscapeRight";
				INFOPLIST_KEY_UISupportedInterfaceOrientations_iPhone = "UIInterfaceOrientationPortrait UIInterfaceOrientationLandscapeLeft UIInterfaceOrientationLandscapeRight";
				LD_RUNPATH_SEARCH_PATHS = (
					"$(inherited)",
					"@executable_path/Frameworks",
				);
				MARKETING_VERSION = 1.0;
				PRODUCT_BUNDLE_IDENTIFIER = com.ethan.InstagramClone;
				PRODUCT_NAME = "$(TARGET_NAME)";
				SWIFT_EMIT_LOC_STRINGS = YES;
				SWIFT_VERSION = 5.0;
				TARGETED_DEVICE_FAMILY = "1,2";
			};
			name = Release;
		};
/* End XCBuildConfiguration section */

/* Begin XCConfigurationList section */
		A9D2296D29E54417003A7BE7 /* Build configuration list for PBXProject "InstagramClone" */ = {
			isa = XCConfigurationList;
			buildConfigurations = (
				A9D2298429E54419003A7BE7 /* Debug */,
				A9D2298529E54419003A7BE7 /* Release */,
			);
			defaultConfigurationIsVisible = 0;
			defaultConfigurationName = Release;
		};
		A9D2298629E54419003A7BE7 /* Build configuration list for PBXNativeTarget "InstagramClone" */ = {
			isa = XCConfigurationList;
			buildConfigurations = (
				A9D2298729E54419003A7BE7 /* Debug */,
				A9D2298829E54419003A7BE7 /* Release */,
			);
			defaultConfigurationIsVisible = 0;
			defaultConfigurationName = Release;
		};
/* End XCConfigurationList section */
	};
	rootObject = A9D2296A29E54417003A7BE7 /* Project object */;
}
